{
  "name": "project-dataplus",
  "version": "1.0.0",
  "lockfileVersion": 1,
  "requires": true,
  "dependencies": {
    "@google/maps": {
      "version": "0.4.5",
      "resolved": "https://registry.npmjs.org/@google/maps/-/maps-0.4.5.tgz",
      "integrity": "sha1-cuuc+OfelEYZJF0Pjz+WlXHqhNg="
    },
    "@tonybadguy/call-me-maybe": {
      "version": "https://registry.npmjs.org/@tonybadguy/call-me-maybe/-/call-me-maybe-2.0.1.tgz",
      "integrity": "sha1-IzJn6woWJcL1lU8nrzZLSinG40Q=",
      "requires": {
        "caseless": "https://registry.npmjs.org/caseless/-/caseless-0.11.0.tgz",
        "error": "https://registry.npmjs.org/error/-/error-7.0.2.tgz",
        "small-request": "https://registry.npmjs.org/small-request/-/small-request-2.0.2.tgz",
        "string-template": "https://registry.npmjs.org/string-template/-/string-template-1.0.0.tgz"
      },
      "dependencies": {
        "caseless": {
          "version": "https://registry.npmjs.org/caseless/-/caseless-0.11.0.tgz",
          "integrity": "sha1-cVuW6phBWTzDMGeSP17GDr2k99c="
        }
      }
    },
    "axios": {
      "version": "https://registry.npmjs.org/axios/-/axios-0.17.1.tgz",
      "integrity": "sha1-LY4+XQvb1zJ/kbyBT1xXZg+Bgk0=",
      "requires": {
        "follow-redirects": "https://registry.npmjs.org/follow-redirects/-/follow-redirects-1.2.5.tgz",
        "is-buffer": "https://registry.npmjs.org/is-buffer/-/is-buffer-1.1.6.tgz"
      }
    },
    "csv": {
      "version": "https://registry.npmjs.org/csv/-/csv-2.0.0.tgz",
      "integrity": "sha1-DVHY+j7OJ4tUCfeVcX/PzVrOmz4=",
      "requires": {
        "csv-generate": "https://registry.npmjs.org/csv-generate/-/csv-generate-2.0.0.tgz",
        "csv-parse": "https://registry.npmjs.org/csv-parse/-/csv-parse-2.0.0.tgz",
        "csv-stringify": "https://registry.npmjs.org/csv-stringify/-/csv-stringify-2.0.0.tgz",
        "stream-transform": "https://registry.npmjs.org/stream-transform/-/stream-transform-1.0.0.tgz"
      }
    },
    "csv-generate": {
      "version": "https://registry.npmjs.org/csv-generate/-/csv-generate-2.0.0.tgz",
      "integrity": "sha1-q0/cMNtc5niwfVOITGn6VFYYslw="
    },
    "csv-parse": {
      "version": "https://registry.npmjs.org/csv-parse/-/csv-parse-2.0.0.tgz",
      "integrity": "sha1-TqIslzIzmH8HaIxgGi1GAjT/VtE="
    },
    "csv-stringify": {
      "version": "https://registry.npmjs.org/csv-stringify/-/csv-stringify-2.0.0.tgz",
      "integrity": "sha1-knu1X9FAggXORE0ogBhGJ7JLZPE=",
      "requires": {
        "lodash.get": "https://registry.npmjs.org/lodash.get/-/lodash.get-4.4.2.tgz"
      }
    },
    "debug": {
      "version": "https://registry.npmjs.org/debug/-/debug-2.6.9.tgz",
      "integrity": "sha1-XRKFFd8TT/Mn6QpMk/Tgd6U2NB8=",
      "requires": {
        "ms": "https://registry.npmjs.org/ms/-/ms-2.0.0.tgz"
      }
    },
    "error": {
      "version": "https://registry.npmjs.org/error/-/error-7.0.2.tgz",
      "integrity": "sha1-pfdf/02ZJhJt2sDqXcOOaJFTywI=",
      "requires": {
        "string-template": "https://registry.npmjs.org/string-template/-/string-template-0.2.1.tgz",
        "xtend": "https://registry.npmjs.org/xtend/-/xtend-4.0.1.tgz"
      },
      "dependencies": {
        "string-template": {
          "version": "https://registry.npmjs.org/string-template/-/string-template-0.2.1.tgz",
          "integrity": "sha1-QpMuWYo1LQH8IuwzZ9nYTuxsmt0="
        }
      }
    },
    "file-match": {
      "version": "https://registry.npmjs.org/file-match/-/file-match-1.0.2.tgz",
      "integrity": "sha1-ycrSZdLIrfOoFHWw30dYWQafrvc=",
      "requires": {
        "utils-extend": "https://registry.npmjs.org/utils-extend/-/utils-extend-1.0.8.tgz"
      }
    },
    "file-system": {
      "version": "https://registry.npmjs.org/file-system/-/file-system-2.2.2.tgz",
      "integrity": "sha1-fWWDPjojR9zZVqgTxncVPtPt2Yc=",
      "requires": {
        "file-match": "https://registry.npmjs.org/file-match/-/file-match-1.0.2.tgz",
        "utils-extend": "https://registry.npmjs.org/utils-extend/-/utils-extend-1.0.8.tgz"
      }
    },
    "follow-redirects": {
      "version": "https://registry.npmjs.org/follow-redirects/-/follow-redirects-1.2.5.tgz",
      "integrity": "sha1-/9PhTL3V6qcvYbY2jB9oUWwqJsw=",
      "requires": {
        "debug": "https://registry.npmjs.org/debug/-/debug-2.6.9.tgz"
      }
    },
    "is-buffer": {
      "version": "https://registry.npmjs.org/is-buffer/-/is-buffer-1.1.6.tgz",
      "integrity": "sha1-76ouqdqg16suoTqXsritUf776L4="
    },
    "lodash": {
      "version": "4.17.4",
      "resolved": "https://registry.npmjs.org/lodash/-/lodash-4.17.4.tgz",
      "integrity": "sha1-eCA6TRwyiuHYbcpkYONptX9AVa4="
    },
    "lodash.get": {
      "version": "https://registry.npmjs.org/lodash.get/-/lodash.get-4.4.2.tgz",
      "integrity": "sha1-LRd/ZS+jHpObRDjVNBSZ36OCXpk="
    },
    "ms": {
      "version": "https://registry.npmjs.org/ms/-/ms-2.0.0.tgz",
      "integrity": "sha1-VgiurfwAvmwpAd9fmGF4jeDVl8g="
    },
    "request-function": {
      "version": "https://registry.npmjs.org/request-function/-/request-function-2.0.0.tgz",
      "integrity": "sha1-J6rOJ/hx48L9SKGdrXXKOExLhlQ=",
      "requires": {
        "error": "https://registry.npmjs.org/error/-/error-7.0.2.tgz"
      }
    },
    "small-request": {
      "version": "https://registry.npmjs.org/small-request/-/small-request-2.0.2.tgz",
      "integrity": "sha1-pEuo2G+i3iTBaAhSaMVn+IUDBlM=",
      "requires": {
        "request-function": "https://registry.npmjs.org/request-function/-/request-function-2.0.0.tgz"
      }
    },
    "stream-transform": {
      "version": "https://registry.npmjs.org/stream-transform/-/stream-transform-1.0.0.tgz",
      "integrity": "sha1-1O84aRPW7BAgUrx1/AUWlHqWHxA="
    },
    "string-template": {
      "version": "https://registry.npmjs.org/string-template/-/string-template-1.0.0.tgz",
      "integrity": "sha1-np8iM9wA8hhxjsN5oopWc+zKi5Y="
    },
    "utils-extend": {
      "version": "https://registry.npmjs.org/utils-extend/-/utils-extend-1.0.8.tgz",
      "integrity": "sha1-zP17ZFQPjpDuIe7Fd2nQZRyril8="
    },
    "xtend": {
      "version": "https://registry.npmjs.org/xtend/-/xtend-4.0.1.tgz",
      "integrity": "sha1-pcbVMr5lbiPbgg77lDofBJmNY68="
    },
    "yelp-fusion": {
      "version": "https://registry.npmjs.org/yelp-fusion/-/yelp-fusion-1.0.4.tgz",
      "integrity": "sha1-RIzahXPzm7mIbC/3nOdz7XDnxcA=",
      "requires": {
        "@tonybadguy/call-me-maybe": "https://registry.npmjs.org/@tonybadguy/call-me-maybe/-/call-me-maybe-2.0.1.tgz"
      }
    }
  }
}
